
Microsoft Visual Studio Solution File, Format Version 12.00
# Visual Studio Version 17
VisualStudioVersion = 17.13.35828.75 d17.13
MinimumVisualStudioVersion = 10.0.40219.1
Project("{FAE04EC0-301F-11D3-BF4B-00C04F79EFBC}") = "linq", "linq\linq.csproj", "{0587AE06-82B7-4B2B-9712-D398BA4B6809}"
EndProject
Global
	GlobalSection(SolutionConfigurationPlatforms) = preSolution
		Debug|Any CPU = Debug|Any CPU
		Release|Any CPU = Release|Any CPU
	EndGlobalSection
	GlobalSection(ProjectConfigurationPlatforms) = postSolution
		{0587AE06-82B7-4B2B-9712-D398BA4B6809}.Debug|Any CPU.ActiveCfg = Debug|Any CPU
		{0587AE06-82B7-4B2B-9712-D398BA4B6809}.Debug|Any CPU.Build.0 = Debug|Any CPU
		{0587AE06-82B7-4B2B-9712-D398BA4B6809}.Release|Any CPU.ActiveCfg = Release|Any CPU
		{0587AE06-82B7-4B2B-9712-D398BA4B6809}.Release|Any CPU.Build.0 = Release|Any CPU
	EndGlobalSection
	GlobalSection(SolutionProperties) = preSolution
		HideSolutionNode = FALSE
	EndGlobalSection
	GlobalSection(ExtensibilityGlobals) = postSolution
		SolutionGuid = {E064A18D-BB54-47A9-8EA6-913F652ED4A8}
	EndGlobalSection
EndGlobal
