
Microsoft Visual Studio Solution File, Format Version 12.00
# Visual Studio Version 17
VisualStudioVersion = 17.13.35828.75 d17.13
MinimumVisualStudioVersion = 10.0.40219.1
Project("{FAE04EC0-301F-11D3-BF4B-00C04F79EFBC}") = "linq last task", "linq last task\linq last task.csproj", "{9BAABA9A-2F24-41CD-9681-7959FF0B431A}"
EndProject
Global
	GlobalSection(SolutionConfigurationPlatforms) = preSolution
		Debug|Any CPU = Debug|Any CPU
		Release|Any CPU = Release|Any CPU
	EndGlobalSection
	GlobalSection(ProjectConfigurationPlatforms) = postSolution
		{9BAABA9A-2F24-41CD-9681-7959FF0B431A}.Debug|Any CPU.ActiveCfg = Debug|Any CPU
		{9BAABA9A-2F24-41CD-9681-7959FF0B431A}.Debug|Any CPU.Build.0 = Debug|Any CPU
		{9BAABA9A-2F24-41CD-9681-7959FF0B431A}.Release|Any CPU.ActiveCfg = Release|Any CPU
		{9BAABA9A-2F24-41CD-9681-7959FF0B431A}.Release|Any CPU.Build.0 = Release|Any CPU
	EndGlobalSection
	GlobalSection(SolutionProperties) = preSolution
		HideSolutionNode = FALSE
	EndGlobalSection
	GlobalSection(ExtensibilityGlobals) = postSolution
		SolutionGuid = {024359EE-E5DC-4F9E-822E-33D9CD34BF9E}
	EndGlobalSection
EndGlobal
